
Microsoft Visual Studio Solution File, Format Version 12.00
# Visual Studio 15
VisualStudioVersion = 15.0.28307.2092
MinimumVisualStudioVersion = 10.0.40219.1
Project("{FAE04EC0-301F-11D3-BF4B-00C04F79EFBC}") = "tpl.Runtime", "tpl.Runtime\tpl.Runtime.csproj", "{36579F41-7EE2-49B7-AF2E-B9DA67F9E1E7}"
EndProject
Project("{2150E333-8FDC-42A3-9474-1A3956D46DE8}") = "Solution Items", "Solution Items", "{F5D92B57-C069-4714-B552-A9045C0821EE}"
	ProjectSection(SolutionItems) = preProject
		readme.txt = readme.txt
	EndProjectSection
EndProject
Project("{FAE04EC0-301F-11D3-BF4B-00C04F79EFBC}") = "tpl.Runtime.Results", "tpl.Runtime.Results\tpl.Runtime.Results.csproj", "{0CB02F0D-EA3F-48C6-B1C2-A62CC162F585}"
EndProject
Project("{FAE04EC0-301F-11D3-BF4B-00C04F79EFBC}") = "tpl.Runtime.Expressions", "tpl.Runtime.Expressions\tpl.Runtime.Expressions.csproj", "{1E3A7D70-5D1D-4EE4-93C4-1D9DBCF0235B}"
EndProject
Project("{FAE04EC0-301F-11D3-BF4B-00C04F79EFBC}") = "tpl.Core.Variables", "tpl.Core.Variables\tpl.Core.Variables.csproj", "{EBC2ADD2-A804-4BBD-A626-F02143A9BF65}"
EndProject
Project("{FAE04EC0-301F-11D3-BF4B-00C04F79EFBC}") = "tpl.Core.Dynamic", "tpl.Core.Dynamic\tpl.Core.Dynamic.csproj", "{E0617101-CB00-469D-9876-03DEB5DDA81F}"
EndProject
Project("{FAE04EC0-301F-11D3-BF4B-00C04F79EFBC}") = "tpl.Core", "tpl.Core\tpl.Core.csproj", "{B88B4103-99FD-4626-95DB-7856AA24FC65}"
EndProject
Project("{FAE04EC0-301F-11D3-BF4B-00C04F79EFBC}") = "tpl.Runtime.Interpreter", "tpl.Runtime.Interpreter\tpl.Runtime.Interpreter.csproj", "{94E63192-D009-4930-9AE6-06156FFD4182}"
EndProject
Global
	GlobalSection(SolutionConfigurationPlatforms) = preSolution
		Debug|Any CPU = Debug|Any CPU
		Release|Any CPU = Release|Any CPU
	EndGlobalSection
	GlobalSection(ProjectConfigurationPlatforms) = postSolution
		{36579F41-7EE2-49B7-AF2E-B9DA67F9E1E7}.Debug|Any CPU.ActiveCfg = Debug|Any CPU
		{36579F41-7EE2-49B7-AF2E-B9DA67F9E1E7}.Debug|Any CPU.Build.0 = Debug|Any CPU
		{36579F41-7EE2-49B7-AF2E-B9DA67F9E1E7}.Release|Any CPU.ActiveCfg = Release|Any CPU
		{36579F41-7EE2-49B7-AF2E-B9DA67F9E1E7}.Release|Any CPU.Build.0 = Release|Any CPU
		{0CB02F0D-EA3F-48C6-B1C2-A62CC162F585}.Debug|Any CPU.ActiveCfg = Debug|Any CPU
		{0CB02F0D-EA3F-48C6-B1C2-A62CC162F585}.Debug|Any CPU.Build.0 = Debug|Any CPU
		{0CB02F0D-EA3F-48C6-B1C2-A62CC162F585}.Release|Any CPU.ActiveCfg = Release|Any CPU
		{0CB02F0D-EA3F-48C6-B1C2-A62CC162F585}.Release|Any CPU.Build.0 = Release|Any CPU
		{1E3A7D70-5D1D-4EE4-93C4-1D9DBCF0235B}.Debug|Any CPU.ActiveCfg = Debug|Any CPU
		{1E3A7D70-5D1D-4EE4-93C4-1D9DBCF0235B}.Debug|Any CPU.Build.0 = Debug|Any CPU
		{1E3A7D70-5D1D-4EE4-93C4-1D9DBCF0235B}.Release|Any CPU.ActiveCfg = Release|Any CPU
		{1E3A7D70-5D1D-4EE4-93C4-1D9DBCF0235B}.Release|Any CPU.Build.0 = Release|Any CPU
		{EBC2ADD2-A804-4BBD-A626-F02143A9BF65}.Debug|Any CPU.ActiveCfg = Debug|Any CPU
		{EBC2ADD2-A804-4BBD-A626-F02143A9BF65}.Debug|Any CPU.Build.0 = Debug|Any CPU
		{EBC2ADD2-A804-4BBD-A626-F02143A9BF65}.Release|Any CPU.ActiveCfg = Release|Any CPU
		{EBC2ADD2-A804-4BBD-A626-F02143A9BF65}.Release|Any CPU.Build.0 = Release|Any CPU
		{E0617101-CB00-469D-9876-03DEB5DDA81F}.Debug|Any CPU.ActiveCfg = Debug|Any CPU
		{E0617101-CB00-469D-9876-03DEB5DDA81F}.Debug|Any CPU.Build.0 = Debug|Any CPU
		{E0617101-CB00-469D-9876-03DEB5DDA81F}.Release|Any CPU.ActiveCfg = Release|Any CPU
		{E0617101-CB00-469D-9876-03DEB5DDA81F}.Release|Any CPU.Build.0 = Release|Any CPU
		{B88B4103-99FD-4626-95DB-7856AA24FC65}.Debug|Any CPU.ActiveCfg = Debug|Any CPU
		{B88B4103-99FD-4626-95DB-7856AA24FC65}.Debug|Any CPU.Build.0 = Debug|Any CPU
		{B88B4103-99FD-4626-95DB-7856AA24FC65}.Release|Any CPU.ActiveCfg = Release|Any CPU
		{B88B4103-99FD-4626-95DB-7856AA24FC65}.Release|Any CPU.Build.0 = Release|Any CPU
		{94E63192-D009-4930-9AE6-06156FFD4182}.Debug|Any CPU.ActiveCfg = Debug|Any CPU
		{94E63192-D009-4930-9AE6-06156FFD4182}.Debug|Any CPU.Build.0 = Debug|Any CPU
		{94E63192-D009-4930-9AE6-06156FFD4182}.Release|Any CPU.ActiveCfg = Release|Any CPU
		{94E63192-D009-4930-9AE6-06156FFD4182}.Release|Any CPU.Build.0 = Release|Any CPU
	EndGlobalSection
	GlobalSection(SolutionProperties) = preSolution
		HideSolutionNode = FALSE
	EndGlobalSection
	GlobalSection(ExtensibilityGlobals) = postSolution
		SolutionGuid = {3D3EF62C-D12A-427A-90CE-DE482DEEFC18}
	EndGlobalSection
EndGlobal
